
Microsoft Visual Studio Solution File, Format Version 12.00
# Visual Studio Version 16
VisualStudioVersion = 16.0.30523.141
MinimumVisualStudioVersion = 10.0.40219.1
Project("{FAE04EC0-301F-11D3-BF4B-00C04F79EFBC}") = "Task01", "Task01\Task01.csproj", "{2A3CC045-6E88-4BEF-A3D9-7ADDEA717EF3}"
EndProject
Global
	GlobalSection(SolutionConfigurationPlatforms) = preSolution
		Debug|Any CPU = Debug|Any CPU
		Release|Any CPU = Release|Any CPU
	EndGlobalSection
	GlobalSection(ProjectConfigurationPlatforms) = postSolution
		{2A3CC045-6E88-4BEF-A3D9-7ADDEA717EF3}.Debug|Any CPU.ActiveCfg = Debug|Any CPU
		{2A3CC045-6E88-4BEF-A3D9-7ADDEA717EF3}.Debug|Any CPU.Build.0 = Debug|Any CPU
		{2A3CC045-6E88-4BEF-A3D9-7ADDEA717EF3}.Release|Any CPU.ActiveCfg = Release|Any CPU
		{2A3CC045-6E88-4BEF-A3D9-7ADDEA717EF3}.Release|Any CPU.Build.0 = Release|Any CPU
	EndGlobalSection
	GlobalSection(SolutionProperties) = preSolution
		HideSolutionNode = FALSE
	EndGlobalSection
	GlobalSection(ExtensibilityGlobals) = postSolution
		SolutionGuid = {82857CB3-4964-4CA9-9770-E5B3C139C162}
	EndGlobalSection
EndGlobal
