
Microsoft Visual Studio Solution File, Format Version 12.00
# Visual Studio Version 16
VisualStudioVersion = 16.0.30611.23
MinimumVisualStudioVersion = 10.0.40219.1
Project("{FAE04EC0-301F-11D3-BF4B-00C04F79EFBC}") = "L01_Task01", "L01_Task01\L01_Task01.csproj", "{AAB0EFDB-687B-4A7A-A7CE-1B3A3C8FC6C8}"
EndProject
Project("{2150E333-8FDC-42A3-9474-1A3956D46DE8}") = "Lesson01", "Lesson01", "{512038F5-131E-4AD9-BE59-3E99CA086191}"
EndProject
Project("{2150E333-8FDC-42A3-9474-1A3956D46DE8}") = "Lesson02", "Lesson02", "{23BAAC38-0C84-44B9-AE90-E4BD1D953739}"
EndProject
Project("{FAE04EC0-301F-11D3-BF4B-00C04F79EFBC}") = "L02_Task01", "L02_Task01\L02_Task01.csproj", "{BCE71403-9A59-4B4D-8214-856F2D9A2784}"
EndProject
Project("{FAE04EC0-301F-11D3-BF4B-00C04F79EFBC}") = "L02_Task02", "L02_Task02\L02_Task02.csproj", "{CE3D86F2-5598-459E-8715-A252D12E82F4}"
EndProject
Project("{2150E333-8FDC-42A3-9474-1A3956D46DE8}") = "Lesson03", "Lesson03", "{EE43F536-F648-4C28-9672-DABE00A10FC1}"
EndProject
Project("{FAE04EC0-301F-11D3-BF4B-00C04F79EFBC}") = "L03_Task01", "L03_Task01\L03_Task01.csproj", "{084D092E-0999-473A-AA17-620BF963266B}"
EndProject
Project("{2150E333-8FDC-42A3-9474-1A3956D46DE8}") = "Lesson04", "Lesson04", "{5FF879BD-04C5-4CC1-A508-DF34C4CF8850}"
EndProject
Project("{FAE04EC0-301F-11D3-BF4B-00C04F79EFBC}") = "L04_Task01", "L04_Task01\L04_Task01.csproj", "{0173CF40-29B6-4C41-B208-FF5115B240ED}"
EndProject
Project("{2150E333-8FDC-42A3-9474-1A3956D46DE8}") = "Lesson05", "Lesson05", "{BF330992-8ACD-4CCB-8B66-F13771935322}"
EndProject
Project("{FAE04EC0-301F-11D3-BF4B-00C04F79EFBC}") = "L05_Task01", "L05_Task01\L05_Task01.csproj", "{034C504A-FAF7-43B0-9F00-0806DDCFD55D}"
EndProject
Project("{2150E333-8FDC-42A3-9474-1A3956D46DE8}") = "Lesson06", "Lesson06", "{FE86C195-D23E-4A9D-A6DA-A28596474604}"
EndProject
Project("{FAE04EC0-301F-11D3-BF4B-00C04F79EFBC}") = "L06_Task01", "L06_Task01\L06_Task01.csproj", "{6635AD0C-1679-4162-A5FD-BFA965E44C9E}"
EndProject
Project("{FAE04EC0-301F-11D3-BF4B-00C04F79EFBC}") = "L07_Task01", "L07_Task01\L07_Task01.csproj", "{E3F98EC8-B501-412F-9EBE-7672FA7C23AE}"
EndProject
Project("{2150E333-8FDC-42A3-9474-1A3956D46DE8}") = "Lesson07", "Lesson07", "{DAD944D2-6F85-4308-AA56-CA1EDF986E3B}"
EndProject
Project("{2150E333-8FDC-42A3-9474-1A3956D46DE8}") = "Lesson08", "Lesson08", "{717A28FE-A975-4BE3-8939-FAD1A773021E}"
EndProject
Project("{FAE04EC0-301F-11D3-BF4B-00C04F79EFBC}") = "L08_Task01", "L08_Task01\L08_Task01.csproj", "{6BFACA10-CEE6-48D7-B8FC-2846236B4593}"
EndProject
Global
	GlobalSection(SolutionConfigurationPlatforms) = preSolution
		Debug|Any CPU = Debug|Any CPU
		Release|Any CPU = Release|Any CPU
	EndGlobalSection
	GlobalSection(ProjectConfigurationPlatforms) = postSolution
		{AAB0EFDB-687B-4A7A-A7CE-1B3A3C8FC6C8}.Debug|Any CPU.ActiveCfg = Debug|Any CPU
		{AAB0EFDB-687B-4A7A-A7CE-1B3A3C8FC6C8}.Debug|Any CPU.Build.0 = Debug|Any CPU
		{AAB0EFDB-687B-4A7A-A7CE-1B3A3C8FC6C8}.Release|Any CPU.ActiveCfg = Release|Any CPU
		{AAB0EFDB-687B-4A7A-A7CE-1B3A3C8FC6C8}.Release|Any CPU.Build.0 = Release|Any CPU
		{BCE71403-9A59-4B4D-8214-856F2D9A2784}.Debug|Any CPU.ActiveCfg = Debug|Any CPU
		{BCE71403-9A59-4B4D-8214-856F2D9A2784}.Debug|Any CPU.Build.0 = Debug|Any CPU
		{BCE71403-9A59-4B4D-8214-856F2D9A2784}.Release|Any CPU.ActiveCfg = Release|Any CPU
		{BCE71403-9A59-4B4D-8214-856F2D9A2784}.Release|Any CPU.Build.0 = Release|Any CPU
		{CE3D86F2-5598-459E-8715-A252D12E82F4}.Debug|Any CPU.ActiveCfg = Debug|Any CPU
		{CE3D86F2-5598-459E-8715-A252D12E82F4}.Debug|Any CPU.Build.0 = Debug|Any CPU
		{CE3D86F2-5598-459E-8715-A252D12E82F4}.Release|Any CPU.ActiveCfg = Release|Any CPU
		{CE3D86F2-5598-459E-8715-A252D12E82F4}.Release|Any CPU.Build.0 = Release|Any CPU
		{084D092E-0999-473A-AA17-620BF963266B}.Debug|Any CPU.ActiveCfg = Debug|Any CPU
		{084D092E-0999-473A-AA17-620BF963266B}.Debug|Any CPU.Build.0 = Debug|Any CPU
		{084D092E-0999-473A-AA17-620BF963266B}.Release|Any CPU.ActiveCfg = Release|Any CPU
		{084D092E-0999-473A-AA17-620BF963266B}.Release|Any CPU.Build.0 = Release|Any CPU
		{0173CF40-29B6-4C41-B208-FF5115B240ED}.Debug|Any CPU.ActiveCfg = Debug|Any CPU
		{0173CF40-29B6-4C41-B208-FF5115B240ED}.Debug|Any CPU.Build.0 = Debug|Any CPU
		{0173CF40-29B6-4C41-B208-FF5115B240ED}.Release|Any CPU.ActiveCfg = Release|Any CPU
		{0173CF40-29B6-4C41-B208-FF5115B240ED}.Release|Any CPU.Build.0 = Release|Any CPU
		{034C504A-FAF7-43B0-9F00-0806DDCFD55D}.Debug|Any CPU.ActiveCfg = Debug|Any CPU
		{034C504A-FAF7-43B0-9F00-0806DDCFD55D}.Debug|Any CPU.Build.0 = Debug|Any CPU
		{034C504A-FAF7-43B0-9F00-0806DDCFD55D}.Release|Any CPU.ActiveCfg = Release|Any CPU
		{034C504A-FAF7-43B0-9F00-0806DDCFD55D}.Release|Any CPU.Build.0 = Release|Any CPU
		{6635AD0C-1679-4162-A5FD-BFA965E44C9E}.Debug|Any CPU.ActiveCfg = Debug|Any CPU
		{6635AD0C-1679-4162-A5FD-BFA965E44C9E}.Debug|Any CPU.Build.0 = Debug|Any CPU
		{6635AD0C-1679-4162-A5FD-BFA965E44C9E}.Release|Any CPU.ActiveCfg = Release|Any CPU
		{6635AD0C-1679-4162-A5FD-BFA965E44C9E}.Release|Any CPU.Build.0 = Release|Any CPU
		{E3F98EC8-B501-412F-9EBE-7672FA7C23AE}.Debug|Any CPU.ActiveCfg = Debug|Any CPU
		{E3F98EC8-B501-412F-9EBE-7672FA7C23AE}.Debug|Any CPU.Build.0 = Debug|Any CPU
		{E3F98EC8-B501-412F-9EBE-7672FA7C23AE}.Release|Any CPU.ActiveCfg = Release|Any CPU
		{E3F98EC8-B501-412F-9EBE-7672FA7C23AE}.Release|Any CPU.Build.0 = Release|Any CPU
		{6BFACA10-CEE6-48D7-B8FC-2846236B4593}.Debug|Any CPU.ActiveCfg = Debug|Any CPU
		{6BFACA10-CEE6-48D7-B8FC-2846236B4593}.Debug|Any CPU.Build.0 = Debug|Any CPU
		{6BFACA10-CEE6-48D7-B8FC-2846236B4593}.Release|Any CPU.ActiveCfg = Release|Any CPU
		{6BFACA10-CEE6-48D7-B8FC-2846236B4593}.Release|Any CPU.Build.0 = Release|Any CPU
	EndGlobalSection
	GlobalSection(SolutionProperties) = preSolution
		HideSolutionNode = FALSE
	EndGlobalSection
	GlobalSection(NestedProjects) = preSolution
		{AAB0EFDB-687B-4A7A-A7CE-1B3A3C8FC6C8} = {512038F5-131E-4AD9-BE59-3E99CA086191}
		{BCE71403-9A59-4B4D-8214-856F2D9A2784} = {23BAAC38-0C84-44B9-AE90-E4BD1D953739}
		{CE3D86F2-5598-459E-8715-A252D12E82F4} = {23BAAC38-0C84-44B9-AE90-E4BD1D953739}
		{084D092E-0999-473A-AA17-620BF963266B} = {EE43F536-F648-4C28-9672-DABE00A10FC1}
		{0173CF40-29B6-4C41-B208-FF5115B240ED} = {5FF879BD-04C5-4CC1-A508-DF34C4CF8850}
		{034C504A-FAF7-43B0-9F00-0806DDCFD55D} = {BF330992-8ACD-4CCB-8B66-F13771935322}
		{6635AD0C-1679-4162-A5FD-BFA965E44C9E} = {FE86C195-D23E-4A9D-A6DA-A28596474604}
		{E3F98EC8-B501-412F-9EBE-7672FA7C23AE} = {DAD944D2-6F85-4308-AA56-CA1EDF986E3B}
		{6BFACA10-CEE6-48D7-B8FC-2846236B4593} = {717A28FE-A975-4BE3-8939-FAD1A773021E}
	EndGlobalSection
	GlobalSection(ExtensibilityGlobals) = postSolution
		SolutionGuid = {6B2605CE-8FC3-437E-8D47-D0B85151EC60}
	EndGlobalSection
EndGlobal
