
Microsoft Visual Studio Solution File, Format Version 12.00
# Visual Studio Version 16
VisualStudioVersion = 16.0.30330.147
MinimumVisualStudioVersion = 10.0.40219.1
Project("{FAE04EC0-301F-11D3-BF4B-00C04F79EFBC}") = "HT01_Task01", "HT01_Task01\HT01_Task01.csproj", "{05988562-CE51-4B46-B173-0057AF941CB8}"
EndProject
Project("{2150E333-8FDC-42A3-9474-1A3956D46DE8}") = "HT01", "HT01", "{8F383EFD-3449-4BF8-B704-98F6016844C1}"
EndProject
Project("{FAE04EC0-301F-11D3-BF4B-00C04F79EFBC}") = "HT01_Task02", "HT01_Task02\HT01_Task02.csproj", "{992DDA63-11A5-4655-AAC0-0CD0173819D3}"
EndProject
Project("{FAE04EC0-301F-11D3-BF4B-00C04F79EFBC}") = "HT01_Task03", "HT01_Task03\HT01_Task03.csproj", "{38777507-47A0-47BB-919C-7DB0ACA3D41C}"
EndProject
Project("{FAE04EC0-301F-11D3-BF4B-00C04F79EFBC}") = "HT01_Task04", "HT01_Task04\HT01_Task04.csproj", "{04D5204C-E18B-48DB-BEF5-59BD12B9B009}"
EndProject
Project("{FAE04EC0-301F-11D3-BF4B-00C04F79EFBC}") = "HT01_Task05", "HT01_Task05\HT01_Task05.csproj", "{832C30D9-BC63-44E2-AFDC-3ADBE907575F}"
EndProject
Project("{2150E333-8FDC-42A3-9474-1A3956D46DE8}") = "HT02", "HT02", "{4F6022B5-5673-4848-ABE9-DA3B2C07B8E1}"
EndProject
Project("{FAE04EC0-301F-11D3-BF4B-00C04F79EFBC}") = "HT02_Task01", "HT02_Task01\HT02_Task01.csproj", "{85F554FA-FF67-4ECF-9DCF-5AEB9DA28938}"
EndProject
Project("{FAE04EC0-301F-11D3-BF4B-00C04F79EFBC}") = "HT02_Task02", "HT02_Task02\HT02_Task02.csproj", "{B654BF41-6FA0-4A26-9463-8010C4200F3B}"
EndProject
Project("{2150E333-8FDC-42A3-9474-1A3956D46DE8}") = "HT03", "HT03", "{F07ADFE5-94F8-4AD6-849A-1FE99260B087}"
EndProject
Project("{2150E333-8FDC-42A3-9474-1A3956D46DE8}") = "HT04", "HT04", "{1158983B-9807-48EE-B81F-30EF5FC6D3A5}"
EndProject
Project("{2150E333-8FDC-42A3-9474-1A3956D46DE8}") = "HT05", "HT05", "{5D4143A2-0514-44EB-A579-F113709D083F}"
EndProject
Project("{2150E333-8FDC-42A3-9474-1A3956D46DE8}") = "HT06", "HT06", "{BE4DDE7B-5214-4FBA-A2CC-5F57AAC955B6}"
EndProject
Project("{FAE04EC0-301F-11D3-BF4B-00C04F79EFBC}") = "HT03_Task01", "HT03_Task01\HT03_Task01.csproj", "{C06FC68C-4961-4EDB-A0FD-255CDF017E40}"
EndProject
Project("{FAE04EC0-301F-11D3-BF4B-00C04F79EFBC}") = "HT03_Task02", "HT03_Task02\HT03_Task02.csproj", "{5A2AD04D-C5D7-45C4-B23C-0D0A30D26B3E}"
EndProject
Project("{FAE04EC0-301F-11D3-BF4B-00C04F79EFBC}") = "HT03_Task03", "HT03_Task03\HT03_Task03.csproj", "{17425A17-BF4D-4DD2-BE7D-D860D29B39D8}"
EndProject
Project("{FAE04EC0-301F-11D3-BF4B-00C04F79EFBC}") = "HT03_Task04", "HT03_Task04\HT03_Task04.csproj", "{0A9C5BB7-650A-4B54-AD95-526AAB40B59F}"
EndProject
Project("{FAE04EC0-301F-11D3-BF4B-00C04F79EFBC}") = "HT04_Task01", "HT04_Task01\HT04_Task01.csproj", "{E3737B62-3957-4F30-B7BE-15EE9F9671A0}"
EndProject
Project("{2150E333-8FDC-42A3-9474-1A3956D46DE8}") = "HT07", "HT07", "{13E09542-EA23-4BCC-8880-79F625A682E5}"
EndProject
Project("{2150E333-8FDC-42A3-9474-1A3956D46DE8}") = "HT08", "HT08", "{515C7535-BD77-4CCF-9F8F-3327A30E4015}"
EndProject
Project("{2150E333-8FDC-42A3-9474-1A3956D46DE8}") = "HT09", "HT09", "{5A48383A-D361-4F68-AD30-238F9A1BBAC0}"
EndProject
Project("{2150E333-8FDC-42A3-9474-1A3956D46DE8}") = "HT10", "HT10", "{A4067A28-BEE9-42A5-B9F8-0962DEA971EB}"
EndProject
Project("{2150E333-8FDC-42A3-9474-1A3956D46DE8}") = "HT11", "HT11", "{67218504-531E-41E6-B5F6-7A612DED8D69}"
EndProject
Project("{2150E333-8FDC-42A3-9474-1A3956D46DE8}") = "HT12", "HT12", "{94B407E7-B278-4F50-8CE9-823290B8B1D7}"
EndProject
Project("{FAE04EC0-301F-11D3-BF4B-00C04F79EFBC}") = "HT05_Task01", "HT05_Task01\HT05_Task01.csproj", "{3CF51163-F874-469A-8031-A9CE72DE1DC5}"
EndProject
Project("{FAE04EC0-301F-11D3-BF4B-00C04F79EFBC}") = "HT05_Task02", "HT05_Task02\HT05_Task02.csproj", "{FDF00ECC-4CA3-44ED-BAAA-951234F360A6}"
EndProject
Project("{FAE04EC0-301F-11D3-BF4B-00C04F79EFBC}") = "HT06_Task01", "HT06_Task01\HT06_Task01.csproj", "{39DFFC3B-CD9C-4250-B888-937464AA143D}"
EndProject
Project("{FAE04EC0-301F-11D3-BF4B-00C04F79EFBC}") = "HT07_Task01", "HT07_Task01\HT07_Task01.csproj", "{84CA4390-AAFF-484A-8C46-503217338E6F}"
EndProject
Project("{FAE04EC0-301F-11D3-BF4B-00C04F79EFBC}") = "HT08_Task01", "HT08_Task01\HT08_Task01.csproj", "{BC29C6F0-D506-4CE6-9D74-B4209E361AFE}"
EndProject
Project("{FAE04EC0-301F-11D3-BF4B-00C04F79EFBC}") = "HT09_Task01", "HT09_Task01\HT09_Task01.csproj", "{4C64D6B7-84E9-447E-8125-6101D720BE69}"
EndProject
Project("{FAE04EC0-301F-11D3-BF4B-00C04F79EFBC}") = "HT10_Task01", "HT10_Task01\HT10_Task01.csproj", "{4A3B567A-5905-4557-88BD-E303027D913F}"
EndProject
Project("{FAE04EC0-301F-11D3-BF4B-00C04F79EFBC}") = "HT11_Task01", "HT11_Task01\HT11_Task01.csproj", "{F4A54B86-8DBE-4314-B39D-15B0B210ADB0}"
EndProject
Project("{FAE04EC0-301F-11D3-BF4B-00C04F79EFBC}") = "HT12_Task01", "HT12_Task01\HT12_Task01.csproj", "{3FF73B8E-B332-46F9-A18D-EB9B475FFDEC}"
EndProject
Global
	GlobalSection(SolutionConfigurationPlatforms) = preSolution
		Debug|Any CPU = Debug|Any CPU
		Release|Any CPU = Release|Any CPU
	EndGlobalSection
	GlobalSection(ProjectConfigurationPlatforms) = postSolution
		{05988562-CE51-4B46-B173-0057AF941CB8}.Debug|Any CPU.ActiveCfg = Debug|Any CPU
		{05988562-CE51-4B46-B173-0057AF941CB8}.Debug|Any CPU.Build.0 = Debug|Any CPU
		{05988562-CE51-4B46-B173-0057AF941CB8}.Release|Any CPU.ActiveCfg = Release|Any CPU
		{05988562-CE51-4B46-B173-0057AF941CB8}.Release|Any CPU.Build.0 = Release|Any CPU
		{992DDA63-11A5-4655-AAC0-0CD0173819D3}.Debug|Any CPU.ActiveCfg = Debug|Any CPU
		{992DDA63-11A5-4655-AAC0-0CD0173819D3}.Debug|Any CPU.Build.0 = Debug|Any CPU
		{992DDA63-11A5-4655-AAC0-0CD0173819D3}.Release|Any CPU.ActiveCfg = Release|Any CPU
		{992DDA63-11A5-4655-AAC0-0CD0173819D3}.Release|Any CPU.Build.0 = Release|Any CPU
		{38777507-47A0-47BB-919C-7DB0ACA3D41C}.Debug|Any CPU.ActiveCfg = Debug|Any CPU
		{38777507-47A0-47BB-919C-7DB0ACA3D41C}.Debug|Any CPU.Build.0 = Debug|Any CPU
		{38777507-47A0-47BB-919C-7DB0ACA3D41C}.Release|Any CPU.ActiveCfg = Release|Any CPU
		{38777507-47A0-47BB-919C-7DB0ACA3D41C}.Release|Any CPU.Build.0 = Release|Any CPU
		{04D5204C-E18B-48DB-BEF5-59BD12B9B009}.Debug|Any CPU.ActiveCfg = Debug|Any CPU
		{04D5204C-E18B-48DB-BEF5-59BD12B9B009}.Debug|Any CPU.Build.0 = Debug|Any CPU
		{04D5204C-E18B-48DB-BEF5-59BD12B9B009}.Release|Any CPU.ActiveCfg = Release|Any CPU
		{04D5204C-E18B-48DB-BEF5-59BD12B9B009}.Release|Any CPU.Build.0 = Release|Any CPU
		{832C30D9-BC63-44E2-AFDC-3ADBE907575F}.Debug|Any CPU.ActiveCfg = Debug|Any CPU
		{832C30D9-BC63-44E2-AFDC-3ADBE907575F}.Debug|Any CPU.Build.0 = Debug|Any CPU
		{832C30D9-BC63-44E2-AFDC-3ADBE907575F}.Release|Any CPU.ActiveCfg = Release|Any CPU
		{832C30D9-BC63-44E2-AFDC-3ADBE907575F}.Release|Any CPU.Build.0 = Release|Any CPU
		{85F554FA-FF67-4ECF-9DCF-5AEB9DA28938}.Debug|Any CPU.ActiveCfg = Debug|Any CPU
		{85F554FA-FF67-4ECF-9DCF-5AEB9DA28938}.Debug|Any CPU.Build.0 = Debug|Any CPU
		{85F554FA-FF67-4ECF-9DCF-5AEB9DA28938}.Release|Any CPU.ActiveCfg = Release|Any CPU
		{85F554FA-FF67-4ECF-9DCF-5AEB9DA28938}.Release|Any CPU.Build.0 = Release|Any CPU
		{B654BF41-6FA0-4A26-9463-8010C4200F3B}.Debug|Any CPU.ActiveCfg = Debug|Any CPU
		{B654BF41-6FA0-4A26-9463-8010C4200F3B}.Debug|Any CPU.Build.0 = Debug|Any CPU
		{B654BF41-6FA0-4A26-9463-8010C4200F3B}.Release|Any CPU.ActiveCfg = Release|Any CPU
		{B654BF41-6FA0-4A26-9463-8010C4200F3B}.Release|Any CPU.Build.0 = Release|Any CPU
		{C06FC68C-4961-4EDB-A0FD-255CDF017E40}.Debug|Any CPU.ActiveCfg = Debug|Any CPU
		{C06FC68C-4961-4EDB-A0FD-255CDF017E40}.Debug|Any CPU.Build.0 = Debug|Any CPU
		{C06FC68C-4961-4EDB-A0FD-255CDF017E40}.Release|Any CPU.ActiveCfg = Release|Any CPU
		{C06FC68C-4961-4EDB-A0FD-255CDF017E40}.Release|Any CPU.Build.0 = Release|Any CPU
		{5A2AD04D-C5D7-45C4-B23C-0D0A30D26B3E}.Debug|Any CPU.ActiveCfg = Debug|Any CPU
		{5A2AD04D-C5D7-45C4-B23C-0D0A30D26B3E}.Debug|Any CPU.Build.0 = Debug|Any CPU
		{5A2AD04D-C5D7-45C4-B23C-0D0A30D26B3E}.Release|Any CPU.ActiveCfg = Release|Any CPU
		{5A2AD04D-C5D7-45C4-B23C-0D0A30D26B3E}.Release|Any CPU.Build.0 = Release|Any CPU
		{17425A17-BF4D-4DD2-BE7D-D860D29B39D8}.Debug|Any CPU.ActiveCfg = Debug|Any CPU
		{17425A17-BF4D-4DD2-BE7D-D860D29B39D8}.Debug|Any CPU.Build.0 = Debug|Any CPU
		{17425A17-BF4D-4DD2-BE7D-D860D29B39D8}.Release|Any CPU.ActiveCfg = Release|Any CPU
		{17425A17-BF4D-4DD2-BE7D-D860D29B39D8}.Release|Any CPU.Build.0 = Release|Any CPU
		{0A9C5BB7-650A-4B54-AD95-526AAB40B59F}.Debug|Any CPU.ActiveCfg = Debug|Any CPU
		{0A9C5BB7-650A-4B54-AD95-526AAB40B59F}.Debug|Any CPU.Build.0 = Debug|Any CPU
		{0A9C5BB7-650A-4B54-AD95-526AAB40B59F}.Release|Any CPU.ActiveCfg = Release|Any CPU
		{0A9C5BB7-650A-4B54-AD95-526AAB40B59F}.Release|Any CPU.Build.0 = Release|Any CPU
		{E3737B62-3957-4F30-B7BE-15EE9F9671A0}.Debug|Any CPU.ActiveCfg = Debug|Any CPU
		{E3737B62-3957-4F30-B7BE-15EE9F9671A0}.Debug|Any CPU.Build.0 = Debug|Any CPU
		{E3737B62-3957-4F30-B7BE-15EE9F9671A0}.Release|Any CPU.ActiveCfg = Release|Any CPU
		{E3737B62-3957-4F30-B7BE-15EE9F9671A0}.Release|Any CPU.Build.0 = Release|Any CPU
		{3CF51163-F874-469A-8031-A9CE72DE1DC5}.Debug|Any CPU.ActiveCfg = Debug|Any CPU
		{3CF51163-F874-469A-8031-A9CE72DE1DC5}.Debug|Any CPU.Build.0 = Debug|Any CPU
		{3CF51163-F874-469A-8031-A9CE72DE1DC5}.Release|Any CPU.ActiveCfg = Release|Any CPU
		{3CF51163-F874-469A-8031-A9CE72DE1DC5}.Release|Any CPU.Build.0 = Release|Any CPU
		{FDF00ECC-4CA3-44ED-BAAA-951234F360A6}.Debug|Any CPU.ActiveCfg = Debug|Any CPU
		{FDF00ECC-4CA3-44ED-BAAA-951234F360A6}.Debug|Any CPU.Build.0 = Debug|Any CPU
		{FDF00ECC-4CA3-44ED-BAAA-951234F360A6}.Release|Any CPU.ActiveCfg = Release|Any CPU
		{FDF00ECC-4CA3-44ED-BAAA-951234F360A6}.Release|Any CPU.Build.0 = Release|Any CPU
		{39DFFC3B-CD9C-4250-B888-937464AA143D}.Debug|Any CPU.ActiveCfg = Debug|Any CPU
		{39DFFC3B-CD9C-4250-B888-937464AA143D}.Debug|Any CPU.Build.0 = Debug|Any CPU
		{39DFFC3B-CD9C-4250-B888-937464AA143D}.Release|Any CPU.ActiveCfg = Release|Any CPU
		{39DFFC3B-CD9C-4250-B888-937464AA143D}.Release|Any CPU.Build.0 = Release|Any CPU
		{84CA4390-AAFF-484A-8C46-503217338E6F}.Debug|Any CPU.ActiveCfg = Debug|Any CPU
		{84CA4390-AAFF-484A-8C46-503217338E6F}.Debug|Any CPU.Build.0 = Debug|Any CPU
		{84CA4390-AAFF-484A-8C46-503217338E6F}.Release|Any CPU.ActiveCfg = Release|Any CPU
		{84CA4390-AAFF-484A-8C46-503217338E6F}.Release|Any CPU.Build.0 = Release|Any CPU
		{BC29C6F0-D506-4CE6-9D74-B4209E361AFE}.Debug|Any CPU.ActiveCfg = Debug|Any CPU
		{BC29C6F0-D506-4CE6-9D74-B4209E361AFE}.Debug|Any CPU.Build.0 = Debug|Any CPU
		{BC29C6F0-D506-4CE6-9D74-B4209E361AFE}.Release|Any CPU.ActiveCfg = Release|Any CPU
		{BC29C6F0-D506-4CE6-9D74-B4209E361AFE}.Release|Any CPU.Build.0 = Release|Any CPU
		{4C64D6B7-84E9-447E-8125-6101D720BE69}.Debug|Any CPU.ActiveCfg = Debug|Any CPU
		{4C64D6B7-84E9-447E-8125-6101D720BE69}.Debug|Any CPU.Build.0 = Debug|Any CPU
		{4C64D6B7-84E9-447E-8125-6101D720BE69}.Release|Any CPU.ActiveCfg = Release|Any CPU
		{4C64D6B7-84E9-447E-8125-6101D720BE69}.Release|Any CPU.Build.0 = Release|Any CPU
		{4A3B567A-5905-4557-88BD-E303027D913F}.Debug|Any CPU.ActiveCfg = Debug|Any CPU
		{4A3B567A-5905-4557-88BD-E303027D913F}.Debug|Any CPU.Build.0 = Debug|Any CPU
		{4A3B567A-5905-4557-88BD-E303027D913F}.Release|Any CPU.ActiveCfg = Release|Any CPU
		{4A3B567A-5905-4557-88BD-E303027D913F}.Release|Any CPU.Build.0 = Release|Any CPU
		{F4A54B86-8DBE-4314-B39D-15B0B210ADB0}.Debug|Any CPU.ActiveCfg = Debug|Any CPU
		{F4A54B86-8DBE-4314-B39D-15B0B210ADB0}.Debug|Any CPU.Build.0 = Debug|Any CPU
		{F4A54B86-8DBE-4314-B39D-15B0B210ADB0}.Release|Any CPU.ActiveCfg = Release|Any CPU
		{F4A54B86-8DBE-4314-B39D-15B0B210ADB0}.Release|Any CPU.Build.0 = Release|Any CPU
		{3FF73B8E-B332-46F9-A18D-EB9B475FFDEC}.Debug|Any CPU.ActiveCfg = Debug|Any CPU
		{3FF73B8E-B332-46F9-A18D-EB9B475FFDEC}.Debug|Any CPU.Build.0 = Debug|Any CPU
		{3FF73B8E-B332-46F9-A18D-EB9B475FFDEC}.Release|Any CPU.ActiveCfg = Release|Any CPU
		{3FF73B8E-B332-46F9-A18D-EB9B475FFDEC}.Release|Any CPU.Build.0 = Release|Any CPU
	EndGlobalSection
	GlobalSection(SolutionProperties) = preSolution
		HideSolutionNode = FALSE
	EndGlobalSection
	GlobalSection(NestedProjects) = preSolution
		{05988562-CE51-4B46-B173-0057AF941CB8} = {8F383EFD-3449-4BF8-B704-98F6016844C1}
		{992DDA63-11A5-4655-AAC0-0CD0173819D3} = {8F383EFD-3449-4BF8-B704-98F6016844C1}
		{38777507-47A0-47BB-919C-7DB0ACA3D41C} = {8F383EFD-3449-4BF8-B704-98F6016844C1}
		{04D5204C-E18B-48DB-BEF5-59BD12B9B009} = {8F383EFD-3449-4BF8-B704-98F6016844C1}
		{832C30D9-BC63-44E2-AFDC-3ADBE907575F} = {8F383EFD-3449-4BF8-B704-98F6016844C1}
		{85F554FA-FF67-4ECF-9DCF-5AEB9DA28938} = {4F6022B5-5673-4848-ABE9-DA3B2C07B8E1}
		{B654BF41-6FA0-4A26-9463-8010C4200F3B} = {4F6022B5-5673-4848-ABE9-DA3B2C07B8E1}
		{C06FC68C-4961-4EDB-A0FD-255CDF017E40} = {F07ADFE5-94F8-4AD6-849A-1FE99260B087}
		{5A2AD04D-C5D7-45C4-B23C-0D0A30D26B3E} = {F07ADFE5-94F8-4AD6-849A-1FE99260B087}
		{17425A17-BF4D-4DD2-BE7D-D860D29B39D8} = {F07ADFE5-94F8-4AD6-849A-1FE99260B087}
		{0A9C5BB7-650A-4B54-AD95-526AAB40B59F} = {F07ADFE5-94F8-4AD6-849A-1FE99260B087}
		{E3737B62-3957-4F30-B7BE-15EE9F9671A0} = {1158983B-9807-48EE-B81F-30EF5FC6D3A5}
		{3CF51163-F874-469A-8031-A9CE72DE1DC5} = {5D4143A2-0514-44EB-A579-F113709D083F}
		{FDF00ECC-4CA3-44ED-BAAA-951234F360A6} = {5D4143A2-0514-44EB-A579-F113709D083F}
		{39DFFC3B-CD9C-4250-B888-937464AA143D} = {BE4DDE7B-5214-4FBA-A2CC-5F57AAC955B6}
		{84CA4390-AAFF-484A-8C46-503217338E6F} = {13E09542-EA23-4BCC-8880-79F625A682E5}
		{BC29C6F0-D506-4CE6-9D74-B4209E361AFE} = {515C7535-BD77-4CCF-9F8F-3327A30E4015}
		{4C64D6B7-84E9-447E-8125-6101D720BE69} = {5A48383A-D361-4F68-AD30-238F9A1BBAC0}
		{4A3B567A-5905-4557-88BD-E303027D913F} = {A4067A28-BEE9-42A5-B9F8-0962DEA971EB}
		{F4A54B86-8DBE-4314-B39D-15B0B210ADB0} = {67218504-531E-41E6-B5F6-7A612DED8D69}
		{3FF73B8E-B332-46F9-A18D-EB9B475FFDEC} = {94B407E7-B278-4F50-8CE9-823290B8B1D7}
	EndGlobalSection
	GlobalSection(ExtensibilityGlobals) = postSolution
		SolutionGuid = {026978B0-193F-4392-BD9E-9EF912B4AF3F}
	EndGlobalSection
EndGlobal
