
Microsoft Visual Studio Solution File, Format Version 12.00
# Visual Studio Version 16
VisualStudioVersion = 16.0.30330.147
MinimumVisualStudioVersion = 10.0.40219.1
Project("{FAE04EC0-301F-11D3-BF4B-00C04F79EFBC}") = "HT01_Task01", "HT01_Task01\HT01_Task01.csproj", "{05988562-CE51-4B46-B173-0057AF941CB8}"
EndProject
Project("{2150E333-8FDC-42A3-9474-1A3956D46DE8}") = "HT01", "HT01", "{8F383EFD-3449-4BF8-B704-98F6016844C1}"
EndProject
Project("{FAE04EC0-301F-11D3-BF4B-00C04F79EFBC}") = "HT01_Task02", "HT01_Task02\HT01_Task02.csproj", "{992DDA63-11A5-4655-AAC0-0CD0173819D3}"
EndProject
Project("{FAE04EC0-301F-11D3-BF4B-00C04F79EFBC}") = "HT01_Task03", "HT01_Task03\HT01_Task03.csproj", "{38777507-47A0-47BB-919C-7DB0ACA3D41C}"
EndProject
Project("{FAE04EC0-301F-11D3-BF4B-00C04F79EFBC}") = "HT01_Task04", "HT01_Task04\HT01_Task04.csproj", "{04D5204C-E18B-48DB-BEF5-59BD12B9B009}"
EndProject
Project("{FAE04EC0-301F-11D3-BF4B-00C04F79EFBC}") = "HT01_Task05", "HT01_Task05\HT01_Task05.csproj", "{832C30D9-BC63-44E2-AFDC-3ADBE907575F}"
EndProject
Project("{2150E333-8FDC-42A3-9474-1A3956D46DE8}") = "HT02", "HT02", "{4F6022B5-5673-4848-ABE9-DA3B2C07B8E1}"
EndProject
Project("{FAE04EC0-301F-11D3-BF4B-00C04F79EFBC}") = "HT02_Task01", "HT02_Task01\HT02_Task01.csproj", "{85F554FA-FF67-4ECF-9DCF-5AEB9DA28938}"
EndProject
Project("{FAE04EC0-301F-11D3-BF4B-00C04F79EFBC}") = "HT02_Task02", "HT02_Task02\HT02_Task02.csproj", "{B654BF41-6FA0-4A26-9463-8010C4200F3B}"
EndProject
Global
	GlobalSection(SolutionConfigurationPlatforms) = preSolution
		Debug|Any CPU = Debug|Any CPU
		Release|Any CPU = Release|Any CPU
	EndGlobalSection
	GlobalSection(ProjectConfigurationPlatforms) = postSolution
		{05988562-CE51-4B46-B173-0057AF941CB8}.Debug|Any CPU.ActiveCfg = Debug|Any CPU
		{05988562-CE51-4B46-B173-0057AF941CB8}.Debug|Any CPU.Build.0 = Debug|Any CPU
		{05988562-CE51-4B46-B173-0057AF941CB8}.Release|Any CPU.ActiveCfg = Release|Any CPU
		{05988562-CE51-4B46-B173-0057AF941CB8}.Release|Any CPU.Build.0 = Release|Any CPU
		{992DDA63-11A5-4655-AAC0-0CD0173819D3}.Debug|Any CPU.ActiveCfg = Debug|Any CPU
		{992DDA63-11A5-4655-AAC0-0CD0173819D3}.Debug|Any CPU.Build.0 = Debug|Any CPU
		{992DDA63-11A5-4655-AAC0-0CD0173819D3}.Release|Any CPU.ActiveCfg = Release|Any CPU
		{992DDA63-11A5-4655-AAC0-0CD0173819D3}.Release|Any CPU.Build.0 = Release|Any CPU
		{38777507-47A0-47BB-919C-7DB0ACA3D41C}.Debug|Any CPU.ActiveCfg = Debug|Any CPU
		{38777507-47A0-47BB-919C-7DB0ACA3D41C}.Debug|Any CPU.Build.0 = Debug|Any CPU
		{38777507-47A0-47BB-919C-7DB0ACA3D41C}.Release|Any CPU.ActiveCfg = Release|Any CPU
		{38777507-47A0-47BB-919C-7DB0ACA3D41C}.Release|Any CPU.Build.0 = Release|Any CPU
		{04D5204C-E18B-48DB-BEF5-59BD12B9B009}.Debug|Any CPU.ActiveCfg = Debug|Any CPU
		{04D5204C-E18B-48DB-BEF5-59BD12B9B009}.Debug|Any CPU.Build.0 = Debug|Any CPU
		{04D5204C-E18B-48DB-BEF5-59BD12B9B009}.Release|Any CPU.ActiveCfg = Release|Any CPU
		{04D5204C-E18B-48DB-BEF5-59BD12B9B009}.Release|Any CPU.Build.0 = Release|Any CPU
		{832C30D9-BC63-44E2-AFDC-3ADBE907575F}.Debug|Any CPU.ActiveCfg = Debug|Any CPU
		{832C30D9-BC63-44E2-AFDC-3ADBE907575F}.Debug|Any CPU.Build.0 = Debug|Any CPU
		{832C30D9-BC63-44E2-AFDC-3ADBE907575F}.Release|Any CPU.ActiveCfg = Release|Any CPU
		{832C30D9-BC63-44E2-AFDC-3ADBE907575F}.Release|Any CPU.Build.0 = Release|Any CPU
		{85F554FA-FF67-4ECF-9DCF-5AEB9DA28938}.Debug|Any CPU.ActiveCfg = Debug|Any CPU
		{85F554FA-FF67-4ECF-9DCF-5AEB9DA28938}.Debug|Any CPU.Build.0 = Debug|Any CPU
		{85F554FA-FF67-4ECF-9DCF-5AEB9DA28938}.Release|Any CPU.ActiveCfg = Release|Any CPU
		{85F554FA-FF67-4ECF-9DCF-5AEB9DA28938}.Release|Any CPU.Build.0 = Release|Any CPU
		{B654BF41-6FA0-4A26-9463-8010C4200F3B}.Debug|Any CPU.ActiveCfg = Debug|Any CPU
		{B654BF41-6FA0-4A26-9463-8010C4200F3B}.Debug|Any CPU.Build.0 = Debug|Any CPU
		{B654BF41-6FA0-4A26-9463-8010C4200F3B}.Release|Any CPU.ActiveCfg = Release|Any CPU
		{B654BF41-6FA0-4A26-9463-8010C4200F3B}.Release|Any CPU.Build.0 = Release|Any CPU
	EndGlobalSection
	GlobalSection(SolutionProperties) = preSolution
		HideSolutionNode = FALSE
	EndGlobalSection
	GlobalSection(NestedProjects) = preSolution
		{05988562-CE51-4B46-B173-0057AF941CB8} = {8F383EFD-3449-4BF8-B704-98F6016844C1}
		{992DDA63-11A5-4655-AAC0-0CD0173819D3} = {8F383EFD-3449-4BF8-B704-98F6016844C1}
		{38777507-47A0-47BB-919C-7DB0ACA3D41C} = {8F383EFD-3449-4BF8-B704-98F6016844C1}
		{04D5204C-E18B-48DB-BEF5-59BD12B9B009} = {8F383EFD-3449-4BF8-B704-98F6016844C1}
		{832C30D9-BC63-44E2-AFDC-3ADBE907575F} = {8F383EFD-3449-4BF8-B704-98F6016844C1}
		{85F554FA-FF67-4ECF-9DCF-5AEB9DA28938} = {4F6022B5-5673-4848-ABE9-DA3B2C07B8E1}
		{B654BF41-6FA0-4A26-9463-8010C4200F3B} = {4F6022B5-5673-4848-ABE9-DA3B2C07B8E1}
	EndGlobalSection
	GlobalSection(ExtensibilityGlobals) = postSolution
		SolutionGuid = {026978B0-193F-4392-BD9E-9EF912B4AF3F}
	EndGlobalSection
EndGlobal
