
Microsoft Visual Studio Solution File, Format Version 12.00
# Visual Studio Version 16
VisualStudioVersion = 16.0.30611.23
MinimumVisualStudioVersion = 10.0.40219.1
Project("{2150E333-8FDC-42A3-9474-1A3956D46DE8}") = "HT01", "HT01", "{4CA72F51-2D51-4780-B086-9CC6ACD0780B}"
EndProject
Project("{2150E333-8FDC-42A3-9474-1A3956D46DE8}") = "HT02", "HT02", "{35894BD7-0D38-4D71-8E27-51F7254EEC5D}"
EndProject
Project("{2150E333-8FDC-42A3-9474-1A3956D46DE8}") = "HT03", "HT03", "{5E06E849-4480-4EB7-BDEF-917BAEC6C4FB}"
EndProject
Project("{2150E333-8FDC-42A3-9474-1A3956D46DE8}") = "HT04", "HT04", "{2A43A9CC-E01A-480F-A686-ABEB2178D14D}"
EndProject
Project("{2150E333-8FDC-42A3-9474-1A3956D46DE8}") = "HT05", "HT05", "{21852192-8597-458A-90FF-9601B470AF18}"
EndProject
Project("{2150E333-8FDC-42A3-9474-1A3956D46DE8}") = "HT06", "HT06", "{DD3F2E12-ADB2-4A72-8F89-E9B9DA8F6093}"
EndProject
Project("{2150E333-8FDC-42A3-9474-1A3956D46DE8}") = "HT07", "HT07", "{834466B5-029A-4AE9-8670-5284D54CEA7E}"
EndProject
Project("{2150E333-8FDC-42A3-9474-1A3956D46DE8}") = "HT08", "HT08", "{CECE831B-0A45-4E0E-899E-CD7FD93F8221}"
EndProject
Project("{FAE04EC0-301F-11D3-BF4B-00C04F79EFBC}") = "HT01_Task01", "HT01_Task01\HT01_Task01.csproj", "{65F86A9C-86D4-4748-AA45-CCDD02E7A438}"
EndProject
Project("{FAE04EC0-301F-11D3-BF4B-00C04F79EFBC}") = "HT01_Task02", "HT01_Task02\HT01_Task02.csproj", "{F230737B-3D84-46ED-BE6B-5E8C32FDBEB7}"
EndProject
Project("{FAE04EC0-301F-11D3-BF4B-00C04F79EFBC}") = "HT01_Task03", "HT01_Task03\HT01_Task03.csproj", "{22D46378-354A-4D33-8DE1-385996C332A2}"
EndProject
Project("{FAE04EC0-301F-11D3-BF4B-00C04F79EFBC}") = "HT01_Task04", "HT01_Task04\HT01_Task04.csproj", "{7DB09D69-D248-4929-9525-0887182CA211}"
EndProject
Project("{FAE04EC0-301F-11D3-BF4B-00C04F79EFBC}") = "HT02_Task01", "HT02_Task01\HT02_Task01.csproj", "{815C1A0C-1A89-495F-A9EB-B6CEEDDFDCDC}"
EndProject
Project("{FAE04EC0-301F-11D3-BF4B-00C04F79EFBC}") = "HT03_Task01", "HT03_Task01\HT03_Task01.csproj", "{EAF13399-05C5-4B54-94D9-77FB89103FB1}"
EndProject
Project("{FAE04EC0-301F-11D3-BF4B-00C04F79EFBC}") = "HT04_Task01", "HT04_Task01\HT04_Task01.csproj", "{8029E095-0C15-4A28-85DB-F262272B1FCB}"
EndProject
Project("{FAE04EC0-301F-11D3-BF4B-00C04F79EFBC}") = "HT05_Task01", "HT05_Task01\HT05_Task01.csproj", "{B91CAC98-5EA3-4A9A-81AF-9EC109A841F2}"
EndProject
Project("{FAE04EC0-301F-11D3-BF4B-00C04F79EFBC}") = "HT06_Task01", "HT06_Task01\HT06_Task01.csproj", "{B2FBB3F1-12D2-41A6-93BB-64E96C0566DE}"
EndProject
Project("{FAE04EC0-301F-11D3-BF4B-00C04F79EFBC}") = "HT07_Task01", "HT07_Task01\HT07_Task01.csproj", "{8B47DEB9-9D0B-43B6-A039-AD5C901ED34C}"
EndProject
Global
	GlobalSection(SolutionConfigurationPlatforms) = preSolution
		Debug|Any CPU = Debug|Any CPU
		Release|Any CPU = Release|Any CPU
	EndGlobalSection
	GlobalSection(ProjectConfigurationPlatforms) = postSolution
		{65F86A9C-86D4-4748-AA45-CCDD02E7A438}.Debug|Any CPU.ActiveCfg = Debug|Any CPU
		{65F86A9C-86D4-4748-AA45-CCDD02E7A438}.Debug|Any CPU.Build.0 = Debug|Any CPU
		{65F86A9C-86D4-4748-AA45-CCDD02E7A438}.Release|Any CPU.ActiveCfg = Release|Any CPU
		{65F86A9C-86D4-4748-AA45-CCDD02E7A438}.Release|Any CPU.Build.0 = Release|Any CPU
		{F230737B-3D84-46ED-BE6B-5E8C32FDBEB7}.Debug|Any CPU.ActiveCfg = Debug|Any CPU
		{F230737B-3D84-46ED-BE6B-5E8C32FDBEB7}.Debug|Any CPU.Build.0 = Debug|Any CPU
		{F230737B-3D84-46ED-BE6B-5E8C32FDBEB7}.Release|Any CPU.ActiveCfg = Release|Any CPU
		{F230737B-3D84-46ED-BE6B-5E8C32FDBEB7}.Release|Any CPU.Build.0 = Release|Any CPU
		{22D46378-354A-4D33-8DE1-385996C332A2}.Debug|Any CPU.ActiveCfg = Debug|Any CPU
		{22D46378-354A-4D33-8DE1-385996C332A2}.Debug|Any CPU.Build.0 = Debug|Any CPU
		{22D46378-354A-4D33-8DE1-385996C332A2}.Release|Any CPU.ActiveCfg = Release|Any CPU
		{22D46378-354A-4D33-8DE1-385996C332A2}.Release|Any CPU.Build.0 = Release|Any CPU
		{7DB09D69-D248-4929-9525-0887182CA211}.Debug|Any CPU.ActiveCfg = Debug|Any CPU
		{7DB09D69-D248-4929-9525-0887182CA211}.Debug|Any CPU.Build.0 = Debug|Any CPU
		{7DB09D69-D248-4929-9525-0887182CA211}.Release|Any CPU.ActiveCfg = Release|Any CPU
		{7DB09D69-D248-4929-9525-0887182CA211}.Release|Any CPU.Build.0 = Release|Any CPU
		{815C1A0C-1A89-495F-A9EB-B6CEEDDFDCDC}.Debug|Any CPU.ActiveCfg = Debug|Any CPU
		{815C1A0C-1A89-495F-A9EB-B6CEEDDFDCDC}.Debug|Any CPU.Build.0 = Debug|Any CPU
		{815C1A0C-1A89-495F-A9EB-B6CEEDDFDCDC}.Release|Any CPU.ActiveCfg = Release|Any CPU
		{815C1A0C-1A89-495F-A9EB-B6CEEDDFDCDC}.Release|Any CPU.Build.0 = Release|Any CPU
		{EAF13399-05C5-4B54-94D9-77FB89103FB1}.Debug|Any CPU.ActiveCfg = Debug|Any CPU
		{EAF13399-05C5-4B54-94D9-77FB89103FB1}.Debug|Any CPU.Build.0 = Debug|Any CPU
		{EAF13399-05C5-4B54-94D9-77FB89103FB1}.Release|Any CPU.ActiveCfg = Release|Any CPU
		{EAF13399-05C5-4B54-94D9-77FB89103FB1}.Release|Any CPU.Build.0 = Release|Any CPU
		{8029E095-0C15-4A28-85DB-F262272B1FCB}.Debug|Any CPU.ActiveCfg = Debug|Any CPU
		{8029E095-0C15-4A28-85DB-F262272B1FCB}.Debug|Any CPU.Build.0 = Debug|Any CPU
		{8029E095-0C15-4A28-85DB-F262272B1FCB}.Release|Any CPU.ActiveCfg = Release|Any CPU
		{8029E095-0C15-4A28-85DB-F262272B1FCB}.Release|Any CPU.Build.0 = Release|Any CPU
		{B91CAC98-5EA3-4A9A-81AF-9EC109A841F2}.Debug|Any CPU.ActiveCfg = Debug|Any CPU
		{B91CAC98-5EA3-4A9A-81AF-9EC109A841F2}.Debug|Any CPU.Build.0 = Debug|Any CPU
		{B91CAC98-5EA3-4A9A-81AF-9EC109A841F2}.Release|Any CPU.ActiveCfg = Release|Any CPU
		{B91CAC98-5EA3-4A9A-81AF-9EC109A841F2}.Release|Any CPU.Build.0 = Release|Any CPU
		{B2FBB3F1-12D2-41A6-93BB-64E96C0566DE}.Debug|Any CPU.ActiveCfg = Debug|Any CPU
		{B2FBB3F1-12D2-41A6-93BB-64E96C0566DE}.Debug|Any CPU.Build.0 = Debug|Any CPU
		{B2FBB3F1-12D2-41A6-93BB-64E96C0566DE}.Release|Any CPU.ActiveCfg = Release|Any CPU
		{B2FBB3F1-12D2-41A6-93BB-64E96C0566DE}.Release|Any CPU.Build.0 = Release|Any CPU
		{8B47DEB9-9D0B-43B6-A039-AD5C901ED34C}.Debug|Any CPU.ActiveCfg = Debug|Any CPU
		{8B47DEB9-9D0B-43B6-A039-AD5C901ED34C}.Debug|Any CPU.Build.0 = Debug|Any CPU
		{8B47DEB9-9D0B-43B6-A039-AD5C901ED34C}.Release|Any CPU.ActiveCfg = Release|Any CPU
		{8B47DEB9-9D0B-43B6-A039-AD5C901ED34C}.Release|Any CPU.Build.0 = Release|Any CPU
	EndGlobalSection
	GlobalSection(SolutionProperties) = preSolution
		HideSolutionNode = FALSE
	EndGlobalSection
	GlobalSection(NestedProjects) = preSolution
		{65F86A9C-86D4-4748-AA45-CCDD02E7A438} = {4CA72F51-2D51-4780-B086-9CC6ACD0780B}
		{F230737B-3D84-46ED-BE6B-5E8C32FDBEB7} = {4CA72F51-2D51-4780-B086-9CC6ACD0780B}
		{22D46378-354A-4D33-8DE1-385996C332A2} = {4CA72F51-2D51-4780-B086-9CC6ACD0780B}
		{7DB09D69-D248-4929-9525-0887182CA211} = {4CA72F51-2D51-4780-B086-9CC6ACD0780B}
		{815C1A0C-1A89-495F-A9EB-B6CEEDDFDCDC} = {35894BD7-0D38-4D71-8E27-51F7254EEC5D}
		{EAF13399-05C5-4B54-94D9-77FB89103FB1} = {5E06E849-4480-4EB7-BDEF-917BAEC6C4FB}
		{8029E095-0C15-4A28-85DB-F262272B1FCB} = {2A43A9CC-E01A-480F-A686-ABEB2178D14D}
		{B91CAC98-5EA3-4A9A-81AF-9EC109A841F2} = {21852192-8597-458A-90FF-9601B470AF18}
		{B2FBB3F1-12D2-41A6-93BB-64E96C0566DE} = {DD3F2E12-ADB2-4A72-8F89-E9B9DA8F6093}
		{8B47DEB9-9D0B-43B6-A039-AD5C901ED34C} = {834466B5-029A-4AE9-8670-5284D54CEA7E}
	EndGlobalSection
	GlobalSection(ExtensibilityGlobals) = postSolution
		SolutionGuid = {0B927C61-3571-49B8-9204-63978597C5F0}
	EndGlobalSection
EndGlobal
