
Microsoft Visual Studio Solution File, Format Version 12.00
# Visual Studio Version 16
VisualStudioVersion = 16.0.30804.86
MinimumVisualStudioVersion = 10.0.40219.1
Project("{2150E333-8FDC-42A3-9474-1A3956D46DE8}") = "Lesson01", "Lesson01", "{9B20DE32-323A-4012-8370-BF9784B29675}"
EndProject
Project("{FAE04EC0-301F-11D3-BF4B-00C04F79EFBC}") = "L01_Task01", "L01_Task01\L01_Task01.csproj", "{3A587C72-B0B9-4590-A1C3-DD50E8B2532C}"
EndProject
Project("{2150E333-8FDC-42A3-9474-1A3956D46DE8}") = "Lesson02", "Lesson02", "{F737705B-DA77-44E1-8E02-5DEA3B43326C}"
EndProject
Project("{2150E333-8FDC-42A3-9474-1A3956D46DE8}") = "Lesson03", "Lesson03", "{0BAFA7CB-6814-4499-AD79-BE90F1915DE2}"
EndProject
Project("{9A19103F-16F7-4668-BE54-9A1E7A4F7556}") = "L03_Task01", "L03_Task01\L03_Task01.csproj", "{94EAAE67-34E5-4E26-BF2D-DB8D4CFC104F}"
EndProject
Project("{FAE04EC0-301F-11D3-BF4B-00C04F79EFBC}") = "L03_Task02", "L03_Task02\L03_Task02.csproj", "{16BBB887-1367-46B9-9CEF-90AE4269D744}"
EndProject
Project("{2150E333-8FDC-42A3-9474-1A3956D46DE8}") = "Lesson04", "Lesson04", "{F23E0CD4-FBF2-4D95-9BE4-B398258991B0}"
EndProject
Project("{FAE04EC0-301F-11D3-BF4B-00C04F79EFBC}") = "L04_Task01", "L04_Task01\L04_Task01.csproj", "{16B14D13-FD30-4D4C-8EF7-A583C9C78643}"
EndProject
Project("{FAE04EC0-301F-11D3-BF4B-00C04F79EFBC}") = "L04_Task02", "L04_Task02\L04_Task02.csproj", "{9C6CEC1C-5EF0-4159-BD1D-B2F65D9B6004}"
EndProject
Project("{FAE04EC0-301F-11D3-BF4B-00C04F79EFBC}") = "L04_Task03", "L04_Task03\L04_Task03.csproj", "{580FFAE5-8192-4696-8247-F69974EF05B2}"
EndProject
Project("{FAE04EC0-301F-11D3-BF4B-00C04F79EFBC}") = "L04_Task04", "L04_Task04\L04_Task04.csproj", "{B6977C3E-8D30-44CA-9A61-8502E4EF8AB3}"
EndProject
Project("{FAE04EC0-301F-11D3-BF4B-00C04F79EFBC}") = "L04_Task05", "L04_Task05\L04_Task05.csproj", "{03774D67-A44C-498B-B9A0-DC9123FADABB}"
EndProject
Project("{2150E333-8FDC-42A3-9474-1A3956D46DE8}") = "Lesson05", "Lesson05", "{E8F9193E-48FE-4BB0-BF44-4AF16E132E08}"
EndProject
Project("{FAE04EC0-301F-11D3-BF4B-00C04F79EFBC}") = "L05_Task01", "L05_Task01\L05_Task01.csproj", "{6EF43E5A-DF7A-4BC5-8425-21DD928C7ED8}"
EndProject
Project("{FAE04EC0-301F-11D3-BF4B-00C04F79EFBC}") = "L05_Task02", "L05_Task02\L05_Task02.csproj", "{C2F58CC9-EBAC-4B50-A504-DE281A12DB45}"
EndProject
Project("{FAE04EC0-301F-11D3-BF4B-00C04F79EFBC}") = "L05_Task03", "L05_Task03\L05_Task03.csproj", "{9A71492D-28E6-4C55-820A-53B8D346C917}"
EndProject
Project("{FAE04EC0-301F-11D3-BF4B-00C04F79EFBC}") = "L05_Task04", "L05_Task04\L05_Task04.csproj", "{88757BAA-6F50-430F-87DC-BFA9A350F7FB}"
EndProject
Global
	GlobalSection(SolutionConfigurationPlatforms) = preSolution
		Debug|Any CPU = Debug|Any CPU
		Release|Any CPU = Release|Any CPU
	EndGlobalSection
	GlobalSection(ProjectConfigurationPlatforms) = postSolution
		{3A587C72-B0B9-4590-A1C3-DD50E8B2532C}.Debug|Any CPU.ActiveCfg = Debug|Any CPU
		{3A587C72-B0B9-4590-A1C3-DD50E8B2532C}.Debug|Any CPU.Build.0 = Debug|Any CPU
		{3A587C72-B0B9-4590-A1C3-DD50E8B2532C}.Release|Any CPU.ActiveCfg = Release|Any CPU
		{3A587C72-B0B9-4590-A1C3-DD50E8B2532C}.Release|Any CPU.Build.0 = Release|Any CPU
		{94EAAE67-34E5-4E26-BF2D-DB8D4CFC104F}.Debug|Any CPU.ActiveCfg = Debug|Any CPU
		{94EAAE67-34E5-4E26-BF2D-DB8D4CFC104F}.Debug|Any CPU.Build.0 = Debug|Any CPU
		{94EAAE67-34E5-4E26-BF2D-DB8D4CFC104F}.Release|Any CPU.ActiveCfg = Release|Any CPU
		{94EAAE67-34E5-4E26-BF2D-DB8D4CFC104F}.Release|Any CPU.Build.0 = Release|Any CPU
		{16BBB887-1367-46B9-9CEF-90AE4269D744}.Debug|Any CPU.ActiveCfg = Debug|Any CPU
		{16BBB887-1367-46B9-9CEF-90AE4269D744}.Debug|Any CPU.Build.0 = Debug|Any CPU
		{16BBB887-1367-46B9-9CEF-90AE4269D744}.Release|Any CPU.ActiveCfg = Release|Any CPU
		{16BBB887-1367-46B9-9CEF-90AE4269D744}.Release|Any CPU.Build.0 = Release|Any CPU
		{16B14D13-FD30-4D4C-8EF7-A583C9C78643}.Debug|Any CPU.ActiveCfg = Debug|Any CPU
		{16B14D13-FD30-4D4C-8EF7-A583C9C78643}.Debug|Any CPU.Build.0 = Debug|Any CPU
		{16B14D13-FD30-4D4C-8EF7-A583C9C78643}.Release|Any CPU.ActiveCfg = Release|Any CPU
		{16B14D13-FD30-4D4C-8EF7-A583C9C78643}.Release|Any CPU.Build.0 = Release|Any CPU
		{9C6CEC1C-5EF0-4159-BD1D-B2F65D9B6004}.Debug|Any CPU.ActiveCfg = Debug|Any CPU
		{9C6CEC1C-5EF0-4159-BD1D-B2F65D9B6004}.Debug|Any CPU.Build.0 = Debug|Any CPU
		{9C6CEC1C-5EF0-4159-BD1D-B2F65D9B6004}.Release|Any CPU.ActiveCfg = Release|Any CPU
		{9C6CEC1C-5EF0-4159-BD1D-B2F65D9B6004}.Release|Any CPU.Build.0 = Release|Any CPU
		{580FFAE5-8192-4696-8247-F69974EF05B2}.Debug|Any CPU.ActiveCfg = Debug|Any CPU
		{580FFAE5-8192-4696-8247-F69974EF05B2}.Debug|Any CPU.Build.0 = Debug|Any CPU
		{580FFAE5-8192-4696-8247-F69974EF05B2}.Release|Any CPU.ActiveCfg = Release|Any CPU
		{580FFAE5-8192-4696-8247-F69974EF05B2}.Release|Any CPU.Build.0 = Release|Any CPU
		{B6977C3E-8D30-44CA-9A61-8502E4EF8AB3}.Debug|Any CPU.ActiveCfg = Debug|Any CPU
		{B6977C3E-8D30-44CA-9A61-8502E4EF8AB3}.Debug|Any CPU.Build.0 = Debug|Any CPU
		{B6977C3E-8D30-44CA-9A61-8502E4EF8AB3}.Release|Any CPU.ActiveCfg = Release|Any CPU
		{B6977C3E-8D30-44CA-9A61-8502E4EF8AB3}.Release|Any CPU.Build.0 = Release|Any CPU
		{03774D67-A44C-498B-B9A0-DC9123FADABB}.Debug|Any CPU.ActiveCfg = Debug|Any CPU
		{03774D67-A44C-498B-B9A0-DC9123FADABB}.Debug|Any CPU.Build.0 = Debug|Any CPU
		{03774D67-A44C-498B-B9A0-DC9123FADABB}.Release|Any CPU.ActiveCfg = Release|Any CPU
		{03774D67-A44C-498B-B9A0-DC9123FADABB}.Release|Any CPU.Build.0 = Release|Any CPU
		{6EF43E5A-DF7A-4BC5-8425-21DD928C7ED8}.Debug|Any CPU.ActiveCfg = Debug|Any CPU
		{6EF43E5A-DF7A-4BC5-8425-21DD928C7ED8}.Debug|Any CPU.Build.0 = Debug|Any CPU
		{6EF43E5A-DF7A-4BC5-8425-21DD928C7ED8}.Release|Any CPU.ActiveCfg = Release|Any CPU
		{6EF43E5A-DF7A-4BC5-8425-21DD928C7ED8}.Release|Any CPU.Build.0 = Release|Any CPU
		{C2F58CC9-EBAC-4B50-A504-DE281A12DB45}.Debug|Any CPU.ActiveCfg = Debug|Any CPU
		{C2F58CC9-EBAC-4B50-A504-DE281A12DB45}.Debug|Any CPU.Build.0 = Debug|Any CPU
		{C2F58CC9-EBAC-4B50-A504-DE281A12DB45}.Release|Any CPU.ActiveCfg = Release|Any CPU
		{C2F58CC9-EBAC-4B50-A504-DE281A12DB45}.Release|Any CPU.Build.0 = Release|Any CPU
		{9A71492D-28E6-4C55-820A-53B8D346C917}.Debug|Any CPU.ActiveCfg = Debug|Any CPU
		{9A71492D-28E6-4C55-820A-53B8D346C917}.Debug|Any CPU.Build.0 = Debug|Any CPU
		{9A71492D-28E6-4C55-820A-53B8D346C917}.Release|Any CPU.ActiveCfg = Release|Any CPU
		{9A71492D-28E6-4C55-820A-53B8D346C917}.Release|Any CPU.Build.0 = Release|Any CPU
		{88757BAA-6F50-430F-87DC-BFA9A350F7FB}.Debug|Any CPU.ActiveCfg = Debug|Any CPU
		{88757BAA-6F50-430F-87DC-BFA9A350F7FB}.Debug|Any CPU.Build.0 = Debug|Any CPU
		{88757BAA-6F50-430F-87DC-BFA9A350F7FB}.Release|Any CPU.ActiveCfg = Release|Any CPU
		{88757BAA-6F50-430F-87DC-BFA9A350F7FB}.Release|Any CPU.Build.0 = Release|Any CPU
	EndGlobalSection
	GlobalSection(SolutionProperties) = preSolution
		HideSolutionNode = FALSE
	EndGlobalSection
	GlobalSection(NestedProjects) = preSolution
		{3A587C72-B0B9-4590-A1C3-DD50E8B2532C} = {9B20DE32-323A-4012-8370-BF9784B29675}
		{94EAAE67-34E5-4E26-BF2D-DB8D4CFC104F} = {0BAFA7CB-6814-4499-AD79-BE90F1915DE2}
		{16BBB887-1367-46B9-9CEF-90AE4269D744} = {0BAFA7CB-6814-4499-AD79-BE90F1915DE2}
		{16B14D13-FD30-4D4C-8EF7-A583C9C78643} = {F23E0CD4-FBF2-4D95-9BE4-B398258991B0}
		{9C6CEC1C-5EF0-4159-BD1D-B2F65D9B6004} = {F23E0CD4-FBF2-4D95-9BE4-B398258991B0}
		{580FFAE5-8192-4696-8247-F69974EF05B2} = {F23E0CD4-FBF2-4D95-9BE4-B398258991B0}
		{B6977C3E-8D30-44CA-9A61-8502E4EF8AB3} = {F23E0CD4-FBF2-4D95-9BE4-B398258991B0}
		{03774D67-A44C-498B-B9A0-DC9123FADABB} = {F23E0CD4-FBF2-4D95-9BE4-B398258991B0}
		{6EF43E5A-DF7A-4BC5-8425-21DD928C7ED8} = {E8F9193E-48FE-4BB0-BF44-4AF16E132E08}
		{C2F58CC9-EBAC-4B50-A504-DE281A12DB45} = {E8F9193E-48FE-4BB0-BF44-4AF16E132E08}
		{9A71492D-28E6-4C55-820A-53B8D346C917} = {E8F9193E-48FE-4BB0-BF44-4AF16E132E08}
		{88757BAA-6F50-430F-87DC-BFA9A350F7FB} = {E8F9193E-48FE-4BB0-BF44-4AF16E132E08}
	EndGlobalSection
	GlobalSection(ExtensibilityGlobals) = postSolution
		SolutionGuid = {7E6DC290-1031-4237-8019-752CE2F6D072}
	EndGlobalSection
EndGlobal
