
Microsoft Visual Studio Solution File, Format Version 12.00
# Visual Studio Version 16
VisualStudioVersion = 16.0.30804.86
MinimumVisualStudioVersion = 10.0.40219.1
Project("{FAE04EC0-301F-11D3-BF4B-00C04F79EFBC}") = "L01_Task01", "L01_Task01\L01_Task01.csproj", "{5B427389-693A-4541-8FED-876ED0492BFE}"
EndProject
Project("{2150E333-8FDC-42A3-9474-1A3956D46DE8}") = "Lesson01", "Lesson01", "{979A6DCA-EFE3-445A-AB46-319DF7C24A0C}"
EndProject
Project("{FAE04EC0-301F-11D3-BF4B-00C04F79EFBC}") = "L01_Task02", "L01_Task02\L01_Task02.csproj", "{ABBD29E6-0898-4034-B01E-61B510A2E6E9}"
EndProject
Project("{2150E333-8FDC-42A3-9474-1A3956D46DE8}") = "Lesson02", "Lesson02", "{C612A865-ACC4-4F93-B36A-E887995E4019}"
EndProject
Project("{2150E333-8FDC-42A3-9474-1A3956D46DE8}") = "Lesson03", "Lesson03", "{A677D71D-6387-4302-BFCD-6791AAEA879C}"
EndProject
Project("{FAE04EC0-301F-11D3-BF4B-00C04F79EFBC}") = "L03_Task01", "L03_Task01\L03_Task01.csproj", "{36204CA1-40A3-48EE-AEBB-31CF20A03508}"
EndProject
Project("{2150E333-8FDC-42A3-9474-1A3956D46DE8}") = "Lesson04", "Lesson04", "{056B964F-05B7-4333-9F90-92435E21FCF6}"
EndProject
Project("{FAE04EC0-301F-11D3-BF4B-00C04F79EFBC}") = "L04_Task01", "L04_Task01\L04_Task01.csproj", "{62062F23-D17A-48B5-9351-9B84FDF8C8D4}"
EndProject
Project("{2150E333-8FDC-42A3-9474-1A3956D46DE8}") = "Lesson05", "Lesson05", "{AD33EC16-AA0C-4E43-9E46-5358E66D68C8}"
EndProject
Project("{FAE04EC0-301F-11D3-BF4B-00C04F79EFBC}") = "L05_Task01", "L05_Task01\L05_Task01.csproj", "{168C98FE-874B-42D0-B8B5-EC06BED90DA9}"
EndProject
Project("{2150E333-8FDC-42A3-9474-1A3956D46DE8}") = "Lesson06", "Lesson06", "{422200FE-5D10-4062-9236-64E817516036}"
EndProject
Project("{FAE04EC0-301F-11D3-BF4B-00C04F79EFBC}") = "L06_Task01", "L06_Task01\L06_Task01.csproj", "{6C192D64-3543-4D2E-A118-19640B07359A}"
EndProject
Project("{2150E333-8FDC-42A3-9474-1A3956D46DE8}") = "Lesson07", "Lesson07", "{8FE9D642-5B5F-457D-AA31-7B38E87CF14D}"
EndProject
Project("{FAE04EC0-301F-11D3-BF4B-00C04F79EFBC}") = "L07_Task01", "L07_Task01\L07_Task01.csproj", "{1C14B16E-0EC6-43AE-9F53-40BB990BF635}"
EndProject
Project("{2150E333-8FDC-42A3-9474-1A3956D46DE8}") = "Lesson08", "Lesson08", "{AEC5C162-58DB-4EA5-B20F-713EB89704B4}"
EndProject
Project("{FAE04EC0-301F-11D3-BF4B-00C04F79EFBC}") = "L08_Task01", "L08_Task01\L08_Task01.csproj", "{5BED3B8F-D4E6-475F-8E05-28032D3A6D12}"
EndProject
Project("{2150E333-8FDC-42A3-9474-1A3956D46DE8}") = "Lesson09", "Lesson09", "{D83DAB75-156E-495D-AB1A-06054F3D1E39}"
EndProject
Project("{FAE04EC0-301F-11D3-BF4B-00C04F79EFBC}") = "L09_Task01", "L09_Task01\L09_Task01.csproj", "{DDBFDD2E-FC23-43CA-994A-24B9348C0002}"
EndProject
Project("{FAE04EC0-301F-11D3-BF4B-00C04F79EFBC}") = "L09_Task01_DAL", "L09_Task01_DAL\L09_Task01_DAL.csproj", "{DD169472-C4FE-462D-B4A0-0FF796160295}"
EndProject
Project("{2150E333-8FDC-42A3-9474-1A3956D46DE8}") = "Lesson10", "Lesson10", "{D784A6E0-100D-4A95-81E8-54B32C7DF34E}"
EndProject
Project("{FAE04EC0-301F-11D3-BF4B-00C04F79EFBC}") = "L10_Task01_DAL", "L10_Task01_DAL\L10_Task01_DAL.csproj", "{97A3CFCD-81A0-4E3E-8E85-45BD6671AEB9}"
EndProject
Project("{FAE04EC0-301F-11D3-BF4B-00C04F79EFBC}") = "L10_Task01_UI", "L10_Task01_UI\L10_Task01_UI.csproj", "{F2A5E8AD-19BA-42B1-A611-C3F02D83D206}"
EndProject
Project("{2150E333-8FDC-42A3-9474-1A3956D46DE8}") = "Lesson11", "Lesson11", "{FA8B45A1-763C-4932-915F-AE6CACBD7FE8}"
EndProject
Project("{FAE04EC0-301F-11D3-BF4B-00C04F79EFBC}") = "L11_Task01_DAL", "L11_Task01_DAL\L11_Task01_DAL.csproj", "{BE620EA6-44F4-4100-BC23-327B92FE1BB3}"
EndProject
Project("{FAE04EC0-301F-11D3-BF4B-00C04F79EFBC}") = "L11_Task01_UI", "L11_Task01_UI\L11_Task01_UI.csproj", "{CD5FE324-6016-4B4E-A16D-799CED1B292C}"
EndProject
Global
	GlobalSection(SolutionConfigurationPlatforms) = preSolution
		Debug|Any CPU = Debug|Any CPU
		Release|Any CPU = Release|Any CPU
	EndGlobalSection
	GlobalSection(ProjectConfigurationPlatforms) = postSolution
		{5B427389-693A-4541-8FED-876ED0492BFE}.Debug|Any CPU.ActiveCfg = Debug|Any CPU
		{5B427389-693A-4541-8FED-876ED0492BFE}.Debug|Any CPU.Build.0 = Debug|Any CPU
		{5B427389-693A-4541-8FED-876ED0492BFE}.Release|Any CPU.ActiveCfg = Release|Any CPU
		{5B427389-693A-4541-8FED-876ED0492BFE}.Release|Any CPU.Build.0 = Release|Any CPU
		{ABBD29E6-0898-4034-B01E-61B510A2E6E9}.Debug|Any CPU.ActiveCfg = Debug|Any CPU
		{ABBD29E6-0898-4034-B01E-61B510A2E6E9}.Debug|Any CPU.Build.0 = Debug|Any CPU
		{ABBD29E6-0898-4034-B01E-61B510A2E6E9}.Release|Any CPU.ActiveCfg = Release|Any CPU
		{ABBD29E6-0898-4034-B01E-61B510A2E6E9}.Release|Any CPU.Build.0 = Release|Any CPU
		{36204CA1-40A3-48EE-AEBB-31CF20A03508}.Debug|Any CPU.ActiveCfg = Debug|Any CPU
		{36204CA1-40A3-48EE-AEBB-31CF20A03508}.Debug|Any CPU.Build.0 = Debug|Any CPU
		{36204CA1-40A3-48EE-AEBB-31CF20A03508}.Release|Any CPU.ActiveCfg = Release|Any CPU
		{36204CA1-40A3-48EE-AEBB-31CF20A03508}.Release|Any CPU.Build.0 = Release|Any CPU
		{62062F23-D17A-48B5-9351-9B84FDF8C8D4}.Debug|Any CPU.ActiveCfg = Debug|Any CPU
		{62062F23-D17A-48B5-9351-9B84FDF8C8D4}.Debug|Any CPU.Build.0 = Debug|Any CPU
		{62062F23-D17A-48B5-9351-9B84FDF8C8D4}.Release|Any CPU.ActiveCfg = Release|Any CPU
		{62062F23-D17A-48B5-9351-9B84FDF8C8D4}.Release|Any CPU.Build.0 = Release|Any CPU
		{168C98FE-874B-42D0-B8B5-EC06BED90DA9}.Debug|Any CPU.ActiveCfg = Debug|Any CPU
		{168C98FE-874B-42D0-B8B5-EC06BED90DA9}.Debug|Any CPU.Build.0 = Debug|Any CPU
		{168C98FE-874B-42D0-B8B5-EC06BED90DA9}.Release|Any CPU.ActiveCfg = Release|Any CPU
		{168C98FE-874B-42D0-B8B5-EC06BED90DA9}.Release|Any CPU.Build.0 = Release|Any CPU
		{6C192D64-3543-4D2E-A118-19640B07359A}.Debug|Any CPU.ActiveCfg = Debug|Any CPU
		{6C192D64-3543-4D2E-A118-19640B07359A}.Debug|Any CPU.Build.0 = Debug|Any CPU
		{6C192D64-3543-4D2E-A118-19640B07359A}.Release|Any CPU.ActiveCfg = Release|Any CPU
		{6C192D64-3543-4D2E-A118-19640B07359A}.Release|Any CPU.Build.0 = Release|Any CPU
		{1C14B16E-0EC6-43AE-9F53-40BB990BF635}.Debug|Any CPU.ActiveCfg = Debug|Any CPU
		{1C14B16E-0EC6-43AE-9F53-40BB990BF635}.Debug|Any CPU.Build.0 = Debug|Any CPU
		{1C14B16E-0EC6-43AE-9F53-40BB990BF635}.Release|Any CPU.ActiveCfg = Release|Any CPU
		{1C14B16E-0EC6-43AE-9F53-40BB990BF635}.Release|Any CPU.Build.0 = Release|Any CPU
		{5BED3B8F-D4E6-475F-8E05-28032D3A6D12}.Debug|Any CPU.ActiveCfg = Debug|Any CPU
		{5BED3B8F-D4E6-475F-8E05-28032D3A6D12}.Debug|Any CPU.Build.0 = Debug|Any CPU
		{5BED3B8F-D4E6-475F-8E05-28032D3A6D12}.Release|Any CPU.ActiveCfg = Release|Any CPU
		{5BED3B8F-D4E6-475F-8E05-28032D3A6D12}.Release|Any CPU.Build.0 = Release|Any CPU
		{DDBFDD2E-FC23-43CA-994A-24B9348C0002}.Debug|Any CPU.ActiveCfg = Debug|Any CPU
		{DDBFDD2E-FC23-43CA-994A-24B9348C0002}.Debug|Any CPU.Build.0 = Debug|Any CPU
		{DDBFDD2E-FC23-43CA-994A-24B9348C0002}.Release|Any CPU.ActiveCfg = Release|Any CPU
		{DDBFDD2E-FC23-43CA-994A-24B9348C0002}.Release|Any CPU.Build.0 = Release|Any CPU
		{DD169472-C4FE-462D-B4A0-0FF796160295}.Debug|Any CPU.ActiveCfg = Debug|Any CPU
		{DD169472-C4FE-462D-B4A0-0FF796160295}.Debug|Any CPU.Build.0 = Debug|Any CPU
		{DD169472-C4FE-462D-B4A0-0FF796160295}.Release|Any CPU.ActiveCfg = Release|Any CPU
		{DD169472-C4FE-462D-B4A0-0FF796160295}.Release|Any CPU.Build.0 = Release|Any CPU
		{97A3CFCD-81A0-4E3E-8E85-45BD6671AEB9}.Debug|Any CPU.ActiveCfg = Debug|Any CPU
		{97A3CFCD-81A0-4E3E-8E85-45BD6671AEB9}.Debug|Any CPU.Build.0 = Debug|Any CPU
		{97A3CFCD-81A0-4E3E-8E85-45BD6671AEB9}.Release|Any CPU.ActiveCfg = Release|Any CPU
		{97A3CFCD-81A0-4E3E-8E85-45BD6671AEB9}.Release|Any CPU.Build.0 = Release|Any CPU
		{F2A5E8AD-19BA-42B1-A611-C3F02D83D206}.Debug|Any CPU.ActiveCfg = Debug|Any CPU
		{F2A5E8AD-19BA-42B1-A611-C3F02D83D206}.Debug|Any CPU.Build.0 = Debug|Any CPU
		{F2A5E8AD-19BA-42B1-A611-C3F02D83D206}.Release|Any CPU.ActiveCfg = Release|Any CPU
		{F2A5E8AD-19BA-42B1-A611-C3F02D83D206}.Release|Any CPU.Build.0 = Release|Any CPU
		{BE620EA6-44F4-4100-BC23-327B92FE1BB3}.Debug|Any CPU.ActiveCfg = Debug|Any CPU
		{BE620EA6-44F4-4100-BC23-327B92FE1BB3}.Debug|Any CPU.Build.0 = Debug|Any CPU
		{BE620EA6-44F4-4100-BC23-327B92FE1BB3}.Release|Any CPU.ActiveCfg = Release|Any CPU
		{BE620EA6-44F4-4100-BC23-327B92FE1BB3}.Release|Any CPU.Build.0 = Release|Any CPU
		{CD5FE324-6016-4B4E-A16D-799CED1B292C}.Debug|Any CPU.ActiveCfg = Debug|Any CPU
		{CD5FE324-6016-4B4E-A16D-799CED1B292C}.Debug|Any CPU.Build.0 = Debug|Any CPU
		{CD5FE324-6016-4B4E-A16D-799CED1B292C}.Release|Any CPU.ActiveCfg = Release|Any CPU
		{CD5FE324-6016-4B4E-A16D-799CED1B292C}.Release|Any CPU.Build.0 = Release|Any CPU
	EndGlobalSection
	GlobalSection(SolutionProperties) = preSolution
		HideSolutionNode = FALSE
	EndGlobalSection
	GlobalSection(NestedProjects) = preSolution
		{5B427389-693A-4541-8FED-876ED0492BFE} = {979A6DCA-EFE3-445A-AB46-319DF7C24A0C}
		{ABBD29E6-0898-4034-B01E-61B510A2E6E9} = {979A6DCA-EFE3-445A-AB46-319DF7C24A0C}
		{36204CA1-40A3-48EE-AEBB-31CF20A03508} = {A677D71D-6387-4302-BFCD-6791AAEA879C}
		{62062F23-D17A-48B5-9351-9B84FDF8C8D4} = {056B964F-05B7-4333-9F90-92435E21FCF6}
		{168C98FE-874B-42D0-B8B5-EC06BED90DA9} = {AD33EC16-AA0C-4E43-9E46-5358E66D68C8}
		{6C192D64-3543-4D2E-A118-19640B07359A} = {422200FE-5D10-4062-9236-64E817516036}
		{1C14B16E-0EC6-43AE-9F53-40BB990BF635} = {8FE9D642-5B5F-457D-AA31-7B38E87CF14D}
		{5BED3B8F-D4E6-475F-8E05-28032D3A6D12} = {AEC5C162-58DB-4EA5-B20F-713EB89704B4}
		{DDBFDD2E-FC23-43CA-994A-24B9348C0002} = {D83DAB75-156E-495D-AB1A-06054F3D1E39}
		{DD169472-C4FE-462D-B4A0-0FF796160295} = {D83DAB75-156E-495D-AB1A-06054F3D1E39}
		{97A3CFCD-81A0-4E3E-8E85-45BD6671AEB9} = {D784A6E0-100D-4A95-81E8-54B32C7DF34E}
		{F2A5E8AD-19BA-42B1-A611-C3F02D83D206} = {D784A6E0-100D-4A95-81E8-54B32C7DF34E}
		{BE620EA6-44F4-4100-BC23-327B92FE1BB3} = {FA8B45A1-763C-4932-915F-AE6CACBD7FE8}
		{CD5FE324-6016-4B4E-A16D-799CED1B292C} = {FA8B45A1-763C-4932-915F-AE6CACBD7FE8}
	EndGlobalSection
	GlobalSection(ExtensibilityGlobals) = postSolution
		SolutionGuid = {822DF956-82E4-449D-8A99-F0C2A88EA34C}
	EndGlobalSection
EndGlobal
